
Microsoft Visual Studio Solution File, Format Version 12.00
# Visual Studio Version 16
VisualStudioVersion = 16.0.29509.3
MinimumVisualStudioVersion = 10.0.40219.1
Project("{FAE04EC0-301F-11D3-BF4B-00C04F79EFBC}") = "Ribbon", "Ribbon\Ribbon.csproj", "{F8AF64AE-D086-4447-8E2E-54CD7E446619}"
EndProject
Global
	GlobalSection(SolutionConfigurationPlatforms) = preSolution
		Debug|Any CPU = Debug|Any CPU
		Release|Any CPU = Release|Any CPU
	EndGlobalSection
	GlobalSection(ProjectConfigurationPlatforms) = postSolution
		{F8AF64AE-D086-4447-8E2E-54CD7E446619}.Debug|Any CPU.ActiveCfg = Debug|Any CPU
		{F8AF64AE-D086-4447-8E2E-54CD7E446619}.Debug|Any CPU.Build.0 = Debug|Any CPU
		{F8AF64AE-D086-4447-8E2E-54CD7E446619}.Release|Any CPU.ActiveCfg = Release|Any CPU
		{F8AF64AE-D086-4447-8E2E-54CD7E446619}.Release|Any CPU.Build.0 = Release|Any CPU
	EndGlobalSection
	GlobalSection(SolutionProperties) = preSolution
		HideSolutionNode = FALSE
	EndGlobalSection
	GlobalSection(ExtensibilityGlobals) = postSolution
		SolutionGuid = {4D6F0934-9248-4DEA-9567-63C216227876}
	EndGlobalSection
EndGlobal
